
Microsoft Visual Studio Solution File, Format Version 12.00
# Visual Studio Version 17
VisualStudioVersion = 17.8.34525.116
MinimumVisualStudioVersion = 10.0.40219.1
Project("{FAE04EC0-301F-11D3-BF4B-00C04F79EFBC}") = "Week13", "Week13\Week13.csproj", "{B33438CD-A28F-47D3-B830-7AEC359B1411}"
EndProject
Global
	GlobalSection(SolutionConfigurationPlatforms) = preSolution
		Debug|Any CPU = Debug|Any CPU
		Release|Any CPU = Release|Any CPU
	EndGlobalSection
	GlobalSection(ProjectConfigurationPlatforms) = postSolution
		{B33438CD-A28F-47D3-B830-7AEC359B1411}.Debug|Any CPU.ActiveCfg = Debug|Any CPU
		{B33438CD-A28F-47D3-B830-7AEC359B1411}.Debug|Any CPU.Build.0 = Debug|Any CPU
		{B33438CD-A28F-47D3-B830-7AEC359B1411}.Release|Any CPU.ActiveCfg = Release|Any CPU
		{B33438CD-A28F-47D3-B830-7AEC359B1411}.Release|Any CPU.Build.0 = Release|Any CPU
	EndGlobalSection
	GlobalSection(SolutionProperties) = preSolution
		HideSolutionNode = FALSE
	EndGlobalSection
	GlobalSection(ExtensibilityGlobals) = postSolution
		SolutionGuid = {20F8A6FE-36AC-4AA1-8B3F-759D59EB4E25}
	EndGlobalSection
EndGlobal
